
Microsoft Visual Studio Solution File, Format Version 12.00
# Visual Studio Version 16
VisualStudioVersion = 16.0.29709.97
MinimumVisualStudioVersion = 10.0.40219.1
Project("{FAE04EC0-301F-11D3-BF4B-00C04F79EFBC}") = "TelaInsercaoTarefa.UI", "TelaInsercaoTarefa.UI.csproj", "{E53CD858-49CD-4958-8746-5F8C138BE52B}"
EndProject
Project("{FAE04EC0-301F-11D3-BF4B-00C04F79EFBC}") = "TelaInsercaoTarefa.BLL", "..\InserirTarefa.BLL\TelaInsercaoTarefa.BLL.csproj", "{D095324E-5953-468C-88A9-FCA508448004}"
EndProject
Project("{FAE04EC0-301F-11D3-BF4B-00C04F79EFBC}") = "TelaInsercaoTarefa.DAL", "..\TelaInsercaoTarefa.DAL\TelaInsercaoTarefa.DAL.csproj", "{FDECFF0F-4513-426D-91BE-9E32F639EC2D}"
EndProject
Project("{FAE04EC0-301F-11D3-BF4B-00C04F79EFBC}") = "TelaInsercaoTarefa.DTO", "..\TelaInsercaoTarefa.DTO\TelaInsercaoTarefa.DTO.csproj", "{C4CCE8CA-F135-40B1-A95A-70A25D83D8E7}"
EndProject
Global
	GlobalSection(SolutionConfigurationPlatforms) = preSolution
		Debug|Any CPU = Debug|Any CPU
		Release|Any CPU = Release|Any CPU
	EndGlobalSection
	GlobalSection(ProjectConfigurationPlatforms) = postSolution
		{E53CD858-49CD-4958-8746-5F8C138BE52B}.Debug|Any CPU.ActiveCfg = Debug|Any CPU
		{E53CD858-49CD-4958-8746-5F8C138BE52B}.Debug|Any CPU.Build.0 = Debug|Any CPU
		{E53CD858-49CD-4958-8746-5F8C138BE52B}.Release|Any CPU.ActiveCfg = Release|Any CPU
		{E53CD858-49CD-4958-8746-5F8C138BE52B}.Release|Any CPU.Build.0 = Release|Any CPU
		{D095324E-5953-468C-88A9-FCA508448004}.Debug|Any CPU.ActiveCfg = Debug|Any CPU
		{D095324E-5953-468C-88A9-FCA508448004}.Debug|Any CPU.Build.0 = Debug|Any CPU
		{D095324E-5953-468C-88A9-FCA508448004}.Release|Any CPU.ActiveCfg = Release|Any CPU
		{D095324E-5953-468C-88A9-FCA508448004}.Release|Any CPU.Build.0 = Release|Any CPU
		{FDECFF0F-4513-426D-91BE-9E32F639EC2D}.Debug|Any CPU.ActiveCfg = Debug|Any CPU
		{FDECFF0F-4513-426D-91BE-9E32F639EC2D}.Debug|Any CPU.Build.0 = Debug|Any CPU
		{FDECFF0F-4513-426D-91BE-9E32F639EC2D}.Release|Any CPU.ActiveCfg = Release|Any CPU
		{FDECFF0F-4513-426D-91BE-9E32F639EC2D}.Release|Any CPU.Build.0 = Release|Any CPU
		{C4CCE8CA-F135-40B1-A95A-70A25D83D8E7}.Debug|Any CPU.ActiveCfg = Debug|Any CPU
		{C4CCE8CA-F135-40B1-A95A-70A25D83D8E7}.Debug|Any CPU.Build.0 = Debug|Any CPU
		{C4CCE8CA-F135-40B1-A95A-70A25D83D8E7}.Release|Any CPU.ActiveCfg = Release|Any CPU
		{C4CCE8CA-F135-40B1-A95A-70A25D83D8E7}.Release|Any CPU.Build.0 = Release|Any CPU
	EndGlobalSection
	GlobalSection(SolutionProperties) = preSolution
		HideSolutionNode = FALSE
	EndGlobalSection
	GlobalSection(ExtensibilityGlobals) = postSolution
		SolutionGuid = {9F2692D5-A29B-45CB-840A-239B620C6BEE}
	EndGlobalSection
EndGlobal
